// !$*UTF8*$!
{
	archiveVersion = 1;
	classes = {
	};
	objectVersion = 50;
	objects = {

/* Begin PBXBuildFile section */
		554033D124C874AA007BA502 /* AppDelegate.swift in Sources */ = {isa = PBXBuildFile; fileRef = 554033D024C874AA007BA502 /* AppDelegate.swift */; };
		554033D724C874AA007BA502 /* GameScene.swift in Sources */ = {isa = PBXBuildFile; fileRef = 554033D624C874AA007BA502 /* GameScene.swift */; };
		554033D924C874AA007BA502 /* GameViewController.swift in Sources */ = {isa = PBXBuildFile; fileRef = 554033D824C874AA007BA502 /* GameViewController.swift */; };
		554033DC24C874AA007BA502 /* Main.storyboard in Resources */ = {isa = PBXBuildFile; fileRef = 554033DA24C874AA007BA502 /* Main.storyboard */; };
		554033DE24C874AB007BA502 /* Assets.xcassets in Resources */ = {isa = PBXBuildFile; fileRef = 554033DD24C874AB007BA502 /* Assets.xcassets */; };
		554033E124C874AB007BA502 /* LaunchScreen.storyboard in Resources */ = {isa = PBXBuildFile; fileRef = 554033DF24C874AB007BA502 /* LaunchScreen.storyboard */; };
		554033E924C880AE007BA502 /* Apple.swift in Sources */ = {isa = PBXBuildFile; fileRef = 554033E824C880AE007BA502 /* Apple.swift */; };
		554033EB24C8822F007BA502 /* SnakeBodyPart.swift in Sources */ = {isa = PBXBuildFile; fileRef = 554033EA24C8822F007BA502 /* SnakeBodyPart.swift */; };
		554033ED24C884B1007BA502 /* SnakeHead.swift in Sources */ = {isa = PBXBuildFile; fileRef = 554033EC24C884B1007BA502 /* SnakeHead.swift */; };
		554033EF24C8850A007BA502 /* Snake.swift in Sources */ = {isa = PBXBuildFile; fileRef = 554033EE24C8850A007BA502 /* Snake.swift */; };
/* End PBXBuildFile section */

/* Begin PBXFileReference section */
		554033CD24C874AA007BA502 /* SnakeGame.app */ = {isa = PBXFileReference; explicitFileType = wrapper.application; includeInIndex = 0; path = SnakeGame.app; sourceTree = BUILT_PRODUCTS_DIR; };
		554033D024C874AA007BA502 /* AppDelegate.swift */ = {isa = PBXFileReference; lastKnownFileType = sourcecode.swift; path = AppDelegate.swift; sourceTree = "<group>"; };
		554033D624C874AA007BA502 /* GameScene.swift */ = {isa = PBXFileReference; lastKnownFileType = sourcecode.swift; path = GameScene.swift; sourceTree = "<group>"; };
		554033D824C874AA007BA502 /* GameViewController.swift */ = {isa = PBXFileReference; lastKnownFileType = sourcecode.swift; path = GameViewController.swift; sourceTree = "<group>"; };
		554033DB24C874AA007BA502 /* Base */ = {isa = PBXFileReference; lastKnownFileType = file.storyboard; name = Base; path = Base.lproj/Main.storyboard; sourceTree = "<group>"; };
		554033DD24C874AB007BA502 /* Assets.xcassets */ = {isa = PBXFileReference; lastKnownFileType = folder.assetcatalog; path = Assets.xcassets; sourceTree = "<group>"; };
		554033E024C874AB007BA502 /* Base */ = {isa = PBXFileReference; lastKnownFileType = file.storyboard; name = Base; path = Base.lproj/LaunchScreen.storyboard; sourceTree = "<group>"; };
		554033E224C874AB007BA502 /* Info.plist */ = {isa = PBXFileReference; lastKnownFileType = text.plist.xml; path = Info.plist; sourceTree = "<group>"; };
		554033E824C880AE007BA502 /* Apple.swift */ = {isa = PBXFileReference; lastKnownFileType = sourcecode.swift; path = Apple.swift; sourceTree = "<group>"; };
		554033EA24C8822F007BA502 /* SnakeBodyPart.swift */ = {isa = PBXFileReference; lastKnownFileType = sourcecode.swift; path = SnakeBodyPart.swift; sourceTree = "<group>"; };
		554033EC24C884B1007BA502 /* SnakeHead.swift */ = {isa = PBXFileReference; lastKnownFileType = sourcecode.swift; path = SnakeHead.swift; sourceTree = "<group>"; };
		554033EE24C8850A007BA502 /* Snake.swift */ = {isa = PBXFileReference; lastKnownFileType = sourcecode.swift; path = Snake.swift; sourceTree = "<group>"; };
/* End PBXFileReference section */

/* Begin PBXFrameworksBuildPhase section */
		554033CA24C874AA007BA502 /* Frameworks */ = {
			isa = PBXFrameworksBuildPhase;
			buildActionMask = 2147483647;
			files = (
			);
			runOnlyForDeploymentPostprocessing = 0;
		};
/* End PBXFrameworksBuildPhase section */

/* Begin PBXGroup section */
		554033C424C874AA007BA502 = {
			isa = PBXGroup;
			children = (
				554033CF24C874AA007BA502 /* SnakeGame */,
				554033CE24C874AA007BA502 /* Products */,
			);
			sourceTree = "<group>";
		};
		554033CE24C874AA007BA502 /* Products */ = {
			isa = PBXGroup;
			children = (
				554033CD24C874AA007BA502 /* SnakeGame.app */,
			);
			name = Products;
			sourceTree = "<group>";
		};
		554033CF24C874AA007BA502 /* SnakeGame */ = {
			isa = PBXGroup;
			children = (
				554033D024C874AA007BA502 /* AppDelegate.swift */,
				554033D624C874AA007BA502 /* GameScene.swift */,
				554033E824C880AE007BA502 /* Apple.swift */,
				554033D824C874AA007BA502 /* GameViewController.swift */,
				554033DA24C874AA007BA502 /* Main.storyboard */,
				554033DD24C874AB007BA502 /* Assets.xcassets */,
				554033DF24C874AB007BA502 /* LaunchScreen.storyboard */,
				554033E224C874AB007BA502 /* Info.plist */,
				554033EA24C8822F007BA502 /* SnakeBodyPart.swift */,
				554033EC24C884B1007BA502 /* SnakeHead.swift */,
				554033EE24C8850A007BA502 /* Snake.swift */,
			);
			path = SnakeGame;
			sourceTree = "<group>";
		};
/* End PBXGroup section */

/* Begin PBXNativeTarget section */
		554033CC24C874AA007BA502 /* SnakeGame */ = {
			isa = PBXNativeTarget;
			buildConfigurationList = 554033E524C874AB007BA502 /* Build configuration list for PBXNativeTarget "SnakeGame" */;
			buildPhases = (
				554033C924C874AA007BA502 /* Sources */,
				554033CA24C874AA007BA502 /* Frameworks */,
				554033CB24C874AA007BA502 /* Resources */,
			);
			buildRules = (
			);
			dependencies = (
			);
			name = SnakeGame;
			productName = SnakeGame;
			productReference = 554033CD24C874AA007BA502 /* SnakeGame.app */;
			productType = "com.apple.product-type.application";
		};
/* End PBXNativeTarget section */

/* Begin PBXProject section */
		554033C524C874AA007BA502 /* Project object */ = {
			isa = PBXProject;
			attributes = {
				LastSwiftUpdateCheck = 1130;
				LastUpgradeCheck = 1130;
				ORGANIZATIONNAME = Andrey;
				TargetAttributes = {
					554033CC24C874AA007BA502 = {
						CreatedOnToolsVersion = 11.3.1;
					};
				};
			};
			buildConfigurationList = 554033C824C874AA007BA502 /* Build configuration list for PBXProject "SnakeGame" */;
			compatibilityVersion = "Xcode 9.3";
			developmentRegion = en;
			hasScannedForEncodings = 0;
			knownRegions = (
				en,
				Base,
			);
			mainGroup = 554033C424C874AA007BA502;
			productRefGroup = 554033CE24C874AA007BA502 /* Products */;
			projectDirPath = "";
			projectRoot = "";
			targets = (
				554033CC24C874AA007BA502 /* SnakeGame */,
			);
		};
/* End PBXProject section */

/* Begin PBXResourcesBuildPhase section */
		554033CB24C874AA007BA502 /* Resources */ = {
			isa = PBXResourcesBuildPhase;
			buildActionMask = 2147483647;
			files = (
				554033DC24C874AA007BA502 /* Main.storyboard in Resources */,
				554033DE24C874AB007BA502 /* Assets.xcassets in Resources */,
				554033E124C874AB007BA502 /* LaunchScreen.storyboard in Resources */,
			);
			runOnlyForDeploymentPostprocessing = 0;
		};
/* End PBXResourcesBuildPhase section */

/* Begin PBXSourcesBuildPhase section */
		554033C924C874AA007BA502 /* Sources */ = {
			isa = PBXSourcesBuildPhase;
			buildActionMask = 2147483647;
			files = (
				554033ED24C884B1007BA502 /* SnakeHead.swift in Sources */,
				554033E924C880AE007BA502 /* Apple.swift in Sources */,
				554033D724C874AA007BA502 /* GameScene.swift in Sources */,
				554033D924C874AA007BA502 /* GameViewController.swift in Sources */,
				554033EB24C8822F007BA502 /* SnakeBodyPart.swift in Sources */,
				554033EF24C8850A007BA502 /* Snake.swift in Sources */,
				554033D124C874AA007BA502 /* AppDelegate.swift in Sources */,
			);
			runOnlyForDeploymentPostprocessing = 0;
		};
/* End PBXSourcesBuildPhase section */

/* Begin PBXVariantGroup section */
		554033DA24C874AA007BA502 /* Main.storyboard */ = {
			isa = PBXVariantGroup;
			children = (
				554033DB24C874AA007BA502 /* Base */,
			);
			name = Main.storyboard;
			sourceTree = "<group>";
		};
		554033DF24C874AB007BA502 /* LaunchScreen.storyboard */ = {
			isa = PBXVariantGroup;
			children = (
				554033E024C874AB007BA502 /* Base */,
			);
			name = LaunchScreen.storyboard;
			sourceTree = "<group>";
		};
/* End PBXVariantGroup section */

/* Begin XCBuildConfiguration section */
		554033E324C874AB007BA502 /* Debug */ = {
			isa = XCBuildConfiguration;
			buildSettings = {
				ALWAYS_SEARCH_USER_PATHS = NO;
				CLANG_ANALYZER_NONNULL = YES;
				CLANG_ANALYZER_NUMBER_OBJECT_CONVERSION = YES_AGGRESSIVE;
				CLANG_CXX_LANGUAGE_STANDARD = "gnu++14";
				CLANG_CXX_LIBRARY = "libc++";
				CLANG_ENABLE_MODULES = YES;
				CLANG_ENABLE_OBJC_ARC = YES;
				CLANG_ENABLE_OBJC_WEAK = YES;
				CLANG_WARN_BLOCK_CAPTURE_AUTORELEASING = YES;
				CLANG_WARN_BOOL_CONVERSION = YES;
				CLANG_WARN_COMMA = YES;
				CLANG_WARN_CONSTANT_CONVERSION = YES;
				CLANG_WARN_DEPRECATED_OBJC_IMPLEMENTATIONS = YES;
				CLANG_WARN_DIRECT_OBJC_ISA_USAGE = YES_ERROR;
				CLANG_WARN_DOCUMENTATION_COMMENTS = YES;
				CLANG_WARN_EMPTY_BODY = YES;
				CLANG_WARN_ENUM_CONVERSION = YES;
				CLANG_WARN_INFINITE_RECURSION = YES;
				CLANG_WARN_INT_CONVERSION = YES;
				CLANG_WARN_NON_LITERAL_NULL_CONVERSION = YES;
				CLANG_WARN_OBJC_IMPLICIT_RETAIN_SELF = YES;
				CLANG_WARN_OBJC_LITERAL_CONVERSION = YES;
				CLANG_WARN_OBJC_ROOT_CLASS = YES_ERROR;
				CLANG_WARN_RANGE_LOOP_ANALYSIS = YES;
				CLANG_WARN_STRICT_PROTOTYPES = YES;
				CLANG_WARN_SUSPICIOUS_MOVE = YES;
				CLANG_WARN_UNGUARDED_AVAILABILITY = YES_AGGRESSIVE;
				CLANG_WARN_UNREACHABLE_CODE = YES;
				CLANG_WARN__DUPLICATE_METHOD_MATCH = YES;
				COPY_PHASE_STRIP = NO;
				DEBUG_INFORMATION_FORMAT = dwarf;
				ENABLE_STRICT_OBJC_MSGSEND = YES;
				ENABLE_TESTABILITY = YES;
				GCC_C_LANGUAGE_STANDARD = gnu11;
				GCC_DYNAMIC_NO_PIC = NO;
				GCC_NO_COMMON_BLOCKS = YES;
				GCC_OPTIMIZATION_LEVEL = 0;
				GCC_PREPROCESSOR_DEFINITIONS = (
					"DEBUG=1",
					"$(inherited)",
				);
				GCC_WARN_64_TO_32_BIT_CONVERSION = YES;
				GCC_WARN_ABOUT_RETURN_TYPE = YES_ERROR;
				GCC_WARN_UNDECLARED_SELECTOR = YES;
				GCC_WARN_UNINITIALIZED_AUTOS = YES_AGGRESSIVE;
				GCC_WARN_UNUSED_FUNCTION = YES;
				GCC_WARN_UNUSED_VARIABLE = YES;
				IPHONEOS_DEPLOYMENT_TARGET = 13.2;
				MTL_ENABLE_DEBUG_INFO = INCLUDE_SOURCE;
				MTL_FAST_MATH = YES;
				ONLY_ACTIVE_ARCH = YES;
				SDKROOT = iphoneos;
				SWIFT_ACTIVE_COMPILATION_CONDITIONS = DEBUG;
				SWIFT_OPTIMIZATION_LEVEL = "-Onone";
			};
			name = Debug;
		};
		554033E424C874AB007BA502 /* Release */ = {
			isa = XCBuildConfiguration;
			buildSettings = {
				ALWAYS_SEARCH_USER_PATHS = NO;
				CLANG_ANALYZER_NONNULL = YES;
				CLANG_ANALYZER_NUMBER_OBJECT_CONVERSION = YES_AGGRESSIVE;
				CLANG_CXX_LANGUAGE_STANDARD = "gnu++14";
				CLANG_CXX_LIBRARY = "libc++";
				CLANG_ENABLE_MODULES = YES;
				CLANG_ENABLE_OBJC_ARC = YES;
				CLANG_ENABLE_OBJC_WEAK = YES;
				CLANG_WARN_BLOCK_CAPTURE_AUTORELEASING = YES;
				CLANG_WARN_BOOL_CONVERSION = YES;
				CLANG_WARN_COMMA = YES;
				CLANG_WARN_CONSTANT_CONVERSION = YES;
				CLANG_WARN_DEPRECATED_OBJC_IMPLEMENTATIONS = YES;
				CLANG_WARN_DIRECT_OBJC_ISA_USAGE = YES_ERROR;
				CLANG_WARN_DOCUMENTATION_COMMENTS = YES;
				CLANG_WARN_EMPTY_BODY = YES;
				CLANG_WARN_ENUM_CONVERSION = YES;
				CLANG_WARN_INFINITE_RECURSION = YES;
				CLANG_WARN_INT_CONVERSION = YES;
				CLANG_WARN_NON_LITERAL_NULL_CONVERSION = YES;
				CLANG_WARN_OBJC_IMPLICIT_RETAIN_SELF = YES;
				CLANG_WARN_OBJC_LITERAL_CONVERSION = YES;
				CLANG_WARN_OBJC_ROOT_CLASS = YES_ERROR;
				CLANG_WARN_RANGE_LOOP_ANALYSIS = YES;
				CLANG_WARN_STRICT_PROTOTYPES = YES;
				CLANG_WARN_SUSPICIOUS_MOVE = YES;
				CLANG_WARN_UNGUARDED_AVAILABILITY = YES_AGGRESSIVE;
				CLANG_WARN_UNREACHABLE_CODE = YES;
				CLANG_WARN__DUPLICATE_METHOD_MATCH = YES;
				COPY_PHASE_STRIP = NO;
				DEBUG_INFORMATION_FORMAT = "dwarf-with-dsym";
				ENABLE_NS_ASSERTIONS = NO;
				ENABLE_STRICT_OBJC_MSGSEND = YES;
				GCC_C_LANGUAGE_STANDARD = gnu11;
				GCC_NO_COMMON_BLOCKS = YES;
				GCC_WARN_64_TO_32_BIT_CONVERSION = YES;
				GCC_WARN_ABOUT_RETURN_TYPE = YES_ERROR;
				GCC_WARN_UNDECLARED_SELECTOR = YES;
				GCC_WARN_UNINITIALIZED_AUTOS = YES_AGGRESSIVE;
				GCC_WARN_UNUSED_FUNCTION = YES;
				GCC_WARN_UNUSED_VARIABLE = YES;
				IPHONEOS_DEPLOYMENT_TARGET = 13.2;
				MTL_ENABLE_DEBUG_INFO = NO;
				MTL_FAST_MATH = YES;
				SDKROOT = iphoneos;
				SWIFT_COMPILATION_MODE = wholemodule;
				SWIFT_OPTIMIZATION_LEVEL = "-O";
				VALIDATE_PRODUCT = YES;
			};
			name = Release;
		};
		554033E624C874AB007BA502 /* Debug */ = {
			isa = XCBuildConfiguration;
			buildSettings = {
				ASSETCATALOG_COMPILER_APPICON_NAME = AppIcon;
				CODE_SIGN_STYLE = Automatic;
				DEVELOPMENT_TEAM = 95FJT898CQ;
				INFOPLIST_FILE = SnakeGame/Info.plist;
				LD_RUNPATH_SEARCH_PATHS = (
					"$(inherited)",
					"@executable_path/Frameworks",
				);
				PRODUCT_BUNDLE_IDENTIFIER = "whitesaler-icloud.com.SnakeGame";
				PRODUCT_NAME = "$(TARGET_NAME)";
				SWIFT_VERSION = 5.0;
				TARGETED_DEVICE_FAMILY = "1,2";
			};
			name = Debug;
		};
		554033E724C874AB007BA502 /* Release */ = {
			isa = XCBuildConfiguration;
			buildSettings = {
				ASSETCATALOG_COMPILER_APPICON_NAME = AppIcon;
				CODE_SIGN_STYLE = Automatic;
				DEVELOPMENT_TEAM = 95FJT898CQ;
				INFOPLIST_FILE = SnakeGame/Info.plist;
				LD_RUNPATH_SEARCH_PATHS = (
					"$(inherited)",
					"@executable_path/Frameworks",
				);
				PRODUCT_BUNDLE_IDENTIFIER = "whitesaler-icloud.com.SnakeGame";
				PRODUCT_NAME = "$(TARGET_NAME)";
				SWIFT_VERSION = 5.0;
				TARGETED_DEVICE_FAMILY = "1,2";
			};
			name = Release;
		};
/* End XCBuildConfiguration section */

/* Begin XCConfigurationList section */
		554033C824C874AA007BA502 /* Build configuration list for PBXProject "SnakeGame" */ = {
			isa = XCConfigurationList;
			buildConfigurations = (
				554033E324C874AB007BA502 /* Debug */,
				554033E424C874AB007BA502 /* Release */,
			);
			defaultConfigurationIsVisible = 0;
			defaultConfigurationName = Release;
		};
		554033E524C874AB007BA502 /* Build configuration list for PBXNativeTarget "SnakeGame" */ = {
			isa = XCConfigurationList;
			buildConfigurations = (
				554033E624C874AB007BA502 /* Debug */,
				554033E724C874AB007BA502 /* Release */,
			);
			defaultConfigurationIsVisible = 0;
			defaultConfigurationName = Release;
		};
/* End XCConfigurationList section */
	};
	rootObject = 554033C524C874AA007BA502 /* Project object */;
}
